# @generated by Move, please check-in and do not edit manually.

[move]
version = 2
manifest_digest = "537E35587055E526E85CD04C400536AFFEC5CC0BE833EB4B5FAC245850C34C96"
deps_digest = "F8BBB0CCB2491CA29A3DF03D6F92277A4F3574266507ACD77214D37ECA3F3082"
dependencies = [
  { name = "Sui" },
]

[[move.package]]
name = "MoveStdlib"
source = { git = "https://github.com/MystenLabs/sui.git", rev = "testnet-v1.29.2", subdir = "crates/sui-framework/packages/move-stdlib" }

[[move.package]]
name = "Sui"
source = { git = "https://github.com/MystenLabs/sui.git", rev = "testnet-v1.29.2", subdir = "crates/sui-framework/packages/sui-framework" }

dependencies = [
  { name = "MoveStdlib" },
]

[move.toolchain-version]
compiler-version = "1.29.2"
edition = "2024.beta"
flavor = "sui"

[env]

[env.testnet]
chain-id = "4c78adac"
original-published-id = "0x8bf57168d5acb0e83efa49905a326d0d624ff147955106d94fb09b6abdaa7bbc"
latest-published-id = "0x8bf57168d5acb0e83efa49905a326d0d624ff147955106d94fb09b6abdaa7bbc"
published-version = "1"
