# @generated by Move, please check-in and do not edit manually.

[move]
version = 3
manifest_digest = "FFDD90EFFBEDFEFED1EB8D03C41D05DA522DDD4B1C91184389143693F9B686D2"
deps_digest = "060AD7E57DFB13104F21BE5F5C3759D03F0553FC3229247D9A7A6B45F50D03A3"
dependencies = [
  { id = "Sui", name = "Sui" },
  { id = "WAL", name = "WAL" },
  { id = "WAL_exchange", name = "WAL_exchange" },
]

[[move.package]]
id = "MoveStdlib"
source = { git = "https://github.com/MystenLabs/sui.git", rev = "testnet-v1.39.1", subdir = "crates/sui-framework/packages/move-stdlib" }

[[move.package]]
id = "Sui"
source = { git = "https://github.com/MystenLabs/sui.git", rev = "testnet-v1.39.1", subdir = "crates/sui-framework/packages/sui-framework" }

dependencies = [
  { id = "MoveStdlib", name = "MoveStdlib" },
]

[[move.package]]
id = "WAL"
source = { local = "../wal" }

dependencies = [
  { id = "Sui", name = "Sui" },
]

[[move.package]]
id = "WAL_exchange"
source = { local = "../wal_exchange" }

dependencies = [
  { id = "Sui", name = "Sui" },
  { id = "WAL", name = "WAL" },
]

[move.toolchain-version]
compiler-version = "1.39.1"
edition = "2024.beta"
flavor = "sui"

[env]

[env.testnet]
chain-id = "4c78adac"
original-published-id = "0x9f992cc2430a1f442ca7a5ca7638169f5d5c00e0ebc3977a65e9ac6e497fe5ef"
latest-published-id = "0x3d35ad1028562025f6f24336f0298d3775ba896bbbb63be7ad5b9fee8255dd89"
published-version = "3"
